
Microsoft Visual Studio Solution File, Format Version 12.00
# Visual Studio Version 17
VisualStudioVersion = 17.0.32112.339
MinimumVisualStudioVersion = 10.0.40219.1
Project("{FAE04EC0-301F-11D3-BF4B-00C04F79EFBC}") = "LabWork28", "LabWork28\LabWork28.csproj", "{69D47836-470F-4F18-B729-DEB0E8700556}"
EndProject
Global
	GlobalSection(SolutionConfigurationPlatforms) = preSolution
		Debug|Any CPU = Debug|Any CPU
		Release|Any CPU = Release|Any CPU
	EndGlobalSection
	GlobalSection(ProjectConfigurationPlatforms) = postSolution
		{69D47836-470F-4F18-B729-DEB0E8700556}.Debug|Any CPU.ActiveCfg = Debug|Any CPU
		{69D47836-470F-4F18-B729-DEB0E8700556}.Debug|Any CPU.Build.0 = Debug|Any CPU
		{69D47836-470F-4F18-B729-DEB0E8700556}.Release|Any CPU.ActiveCfg = Release|Any CPU
		{69D47836-470F-4F18-B729-DEB0E8700556}.Release|Any CPU.Build.0 = Release|Any CPU
	EndGlobalSection
	GlobalSection(SolutionProperties) = preSolution
		HideSolutionNode = FALSE
	EndGlobalSection
	GlobalSection(ExtensibilityGlobals) = postSolution
		SolutionGuid = {139F22A5-7756-4306-AEFE-5E70916455D9}
	EndGlobalSection
EndGlobal
